
Microsoft Visual Studio Solution File, Format Version 12.00
# Visual Studio Version 17
VisualStudioVersion = 17.7.34031.279
MinimumVisualStudioVersion = 10.0.40219.1
Project("{2150E333-8FDC-42A3-9474-1A3956D46DE8}") = "Services", "Services", "{6FCC152B-8C11-4AF9-B91F-B5947D974D7C}"
EndProject
Project("{2150E333-8FDC-42A3-9474-1A3956D46DE8}") = "Catalog", "Catalog", "{D723BBB6-9A95-437B-90ED-3C5543BC9675}"
EndProject
Project("{9A19103F-16F7-4668-BE54-9A1E7A4F7556}") = "FreeCourse.Services.Catalog", "Services\Catalog\FreeCourse.Services.Catalog\FreeCourse.Services.Catalog.csproj", "{F744FEC2-8C15-48C1-B0CB-72624364D536}"
EndProject
Project("{2150E333-8FDC-42A3-9474-1A3956D46DE8}") = "Solution Items", "Solution Items", "{0D06E198-5CC2-4371-8788-0495F29EBE8C}"
	ProjectSection(SolutionItems) = preProject
		Ports.txt = Ports.txt
	EndProjectSection
EndProject
Project("{2150E333-8FDC-42A3-9474-1A3956D46DE8}") = "Shared", "Shared", "{2BBA68AF-A9DD-41BE-A808-58DE951BF12C}"
EndProject
Project("{9A19103F-16F7-4668-BE54-9A1E7A4F7556}") = "FreeCourse.Shared", "Shared\FreeCourse.Shared\FreeCourse.Shared.csproj", "{40CFFC44-E426-4255-BC8B-52B280985525}"
EndProject
Project("{2150E333-8FDC-42A3-9474-1A3956D46DE8}") = "IdentityServer", "IdentityServer", "{1794489C-F496-4C6A-826B-4C4EF8BD8ED1}"
EndProject
Project("{9A19103F-16F7-4668-BE54-9A1E7A4F7556}") = "FreeCourse.IdentityServer", "IdentityServer\FreeCourse.IdentityServer\FreeCourse.IdentityServer.csproj", "{C726136A-0F55-4894-B724-76C0837D74CA}"
EndProject
Project("{2150E333-8FDC-42A3-9474-1A3956D46DE8}") = "PhotoStock", "PhotoStock", "{1CCF2D00-0E38-4D12-B9A8-E36409BDB016}"
EndProject
Project("{9A19103F-16F7-4668-BE54-9A1E7A4F7556}") = "FreeCourse.Services.PhotoStock", "Services\PhotoStock\FreeCourse.Services.PhotoStock\FreeCourse.Services.PhotoStock.csproj", "{45187748-8694-4D91-B4B2-BCF28716815F}"
EndProject
Project("{2150E333-8FDC-42A3-9474-1A3956D46DE8}") = "Basket", "Basket", "{E59EE0C2-A239-4069-9BB1-26C1EF387CDF}"
EndProject
Project("{9A19103F-16F7-4668-BE54-9A1E7A4F7556}") = "FreeCourse.Services.Basket", "Services\Basket\FreeCourse.Services.Basket\FreeCourse.Services.Basket.csproj", "{5F08009E-BB97-42DA-B7F5-63D1B0A2265B}"
EndProject
Project("{2150E333-8FDC-42A3-9474-1A3956D46DE8}") = "Discount", "Discount", "{3204226A-D9BB-4813-A3EA-8501956E7821}"
EndProject
Project("{9A19103F-16F7-4668-BE54-9A1E7A4F7556}") = "FreeCourse.Services.Discount", "Services\Discount\FreeCourse.Services.Discount\FreeCourse.Services.Discount.csproj", "{A1659A03-4B73-4B43-BAA0-ECB32ACC2AE6}"
EndProject
Project("{2150E333-8FDC-42A3-9474-1A3956D46DE8}") = "Order", "Order", "{311C9719-B84C-4230-BBCB-0AA23EF3B088}"
EndProject
Project("{9A19103F-16F7-4668-BE54-9A1E7A4F7556}") = "FreeCourse.Services.Order.API", "Services\Order\FreeCourse.Services.Order.API\FreeCourse.Services.Order.API.csproj", "{AFE31278-6D1D-4CF6-94A4-911CA5E6BFEE}"
EndProject
Project("{9A19103F-16F7-4668-BE54-9A1E7A4F7556}") = "FreeCourse.Services.Order.Application", "Services\Order\FreeCourse.Services.Order.Application\FreeCourse.Services.Order.Application.csproj", "{9F43AE9C-FAFC-4676-A126-2C372FB40959}"
EndProject
Project("{9A19103F-16F7-4668-BE54-9A1E7A4F7556}") = "FreeCourse.Services.Order.Domain", "Services\Order\FreeCourse.Services.Order.Domain\FreeCourse.Services.Order.Domain.csproj", "{7F6A974B-9469-4980-B2D6-CC8EB0355A38}"
EndProject
Project("{9A19103F-16F7-4668-BE54-9A1E7A4F7556}") = "FreeCourse.Services.Order.Domain.Core", "Services\Order\FreeCourse.Services.Order.Domain.Core\FreeCourse.Services.Order.Domain.Core.csproj", "{330D250F-7C70-4650-9DAD-DC3A3D6361C5}"
EndProject
Project("{9A19103F-16F7-4668-BE54-9A1E7A4F7556}") = "FreeCourse.Services.Order.Infrastructure", "Services\Order\FreeCourse.Services.Order.Infrastructure\FreeCourse.Services.Order.Infrastructure.csproj", "{D64353DA-8D4E-4BA2-9141-349A82B0C83C}"
EndProject
Project("{2150E333-8FDC-42A3-9474-1A3956D46DE8}") = "FakePayment", "FakePayment", "{95ED64C2-C037-42DF-94E1-61212431C527}"
EndProject
Project("{FAE04EC0-301F-11D3-BF4B-00C04F79EFBC}") = "FreeCourse.Services.FakePayment", "Services\FakePayment\FreeCourse.Services.FakePayment\FreeCourse.Services.FakePayment.csproj", "{9AD86B70-19ED-4654-9F1B-E8672E2A1514}"
EndProject
Project("{2150E333-8FDC-42A3-9474-1A3956D46DE8}") = "Gateways", "Gateways", "{9E55B48A-355A-4A89-BC82-5C0CBE0734B3}"
EndProject
Project("{FAE04EC0-301F-11D3-BF4B-00C04F79EFBC}") = "FreeCourse.Gateway", "Gateways\FreeCourse.Gateway\FreeCourse.Gateway.csproj", "{500F44FC-9EF6-4A2C-A5BF-EF06812E80C2}"
EndProject
Global
	GlobalSection(SolutionConfigurationPlatforms) = preSolution
		Debug|Any CPU = Debug|Any CPU
		Release|Any CPU = Release|Any CPU
	EndGlobalSection
	GlobalSection(ProjectConfigurationPlatforms) = postSolution
		{F744FEC2-8C15-48C1-B0CB-72624364D536}.Debug|Any CPU.ActiveCfg = Debug|Any CPU
		{F744FEC2-8C15-48C1-B0CB-72624364D536}.Debug|Any CPU.Build.0 = Debug|Any CPU
		{F744FEC2-8C15-48C1-B0CB-72624364D536}.Release|Any CPU.ActiveCfg = Release|Any CPU
		{F744FEC2-8C15-48C1-B0CB-72624364D536}.Release|Any CPU.Build.0 = Release|Any CPU
		{40CFFC44-E426-4255-BC8B-52B280985525}.Debug|Any CPU.ActiveCfg = Debug|Any CPU
		{40CFFC44-E426-4255-BC8B-52B280985525}.Debug|Any CPU.Build.0 = Debug|Any CPU
		{40CFFC44-E426-4255-BC8B-52B280985525}.Release|Any CPU.ActiveCfg = Release|Any CPU
		{40CFFC44-E426-4255-BC8B-52B280985525}.Release|Any CPU.Build.0 = Release|Any CPU
		{C726136A-0F55-4894-B724-76C0837D74CA}.Debug|Any CPU.ActiveCfg = Debug|Any CPU
		{C726136A-0F55-4894-B724-76C0837D74CA}.Debug|Any CPU.Build.0 = Debug|Any CPU
		{C726136A-0F55-4894-B724-76C0837D74CA}.Release|Any CPU.ActiveCfg = Release|Any CPU
		{C726136A-0F55-4894-B724-76C0837D74CA}.Release|Any CPU.Build.0 = Release|Any CPU
		{45187748-8694-4D91-B4B2-BCF28716815F}.Debug|Any CPU.ActiveCfg = Debug|Any CPU
		{45187748-8694-4D91-B4B2-BCF28716815F}.Debug|Any CPU.Build.0 = Debug|Any CPU
		{45187748-8694-4D91-B4B2-BCF28716815F}.Release|Any CPU.ActiveCfg = Release|Any CPU
		{45187748-8694-4D91-B4B2-BCF28716815F}.Release|Any CPU.Build.0 = Release|Any CPU
		{5F08009E-BB97-42DA-B7F5-63D1B0A2265B}.Debug|Any CPU.ActiveCfg = Debug|Any CPU
		{5F08009E-BB97-42DA-B7F5-63D1B0A2265B}.Debug|Any CPU.Build.0 = Debug|Any CPU
		{5F08009E-BB97-42DA-B7F5-63D1B0A2265B}.Release|Any CPU.ActiveCfg = Release|Any CPU
		{5F08009E-BB97-42DA-B7F5-63D1B0A2265B}.Release|Any CPU.Build.0 = Release|Any CPU
		{A1659A03-4B73-4B43-BAA0-ECB32ACC2AE6}.Debug|Any CPU.ActiveCfg = Debug|Any CPU
		{A1659A03-4B73-4B43-BAA0-ECB32ACC2AE6}.Debug|Any CPU.Build.0 = Debug|Any CPU
		{A1659A03-4B73-4B43-BAA0-ECB32ACC2AE6}.Release|Any CPU.ActiveCfg = Release|Any CPU
		{A1659A03-4B73-4B43-BAA0-ECB32ACC2AE6}.Release|Any CPU.Build.0 = Release|Any CPU
		{AFE31278-6D1D-4CF6-94A4-911CA5E6BFEE}.Debug|Any CPU.ActiveCfg = Debug|Any CPU
		{AFE31278-6D1D-4CF6-94A4-911CA5E6BFEE}.Debug|Any CPU.Build.0 = Debug|Any CPU
		{AFE31278-6D1D-4CF6-94A4-911CA5E6BFEE}.Release|Any CPU.ActiveCfg = Release|Any CPU
		{AFE31278-6D1D-4CF6-94A4-911CA5E6BFEE}.Release|Any CPU.Build.0 = Release|Any CPU
		{9F43AE9C-FAFC-4676-A126-2C372FB40959}.Debug|Any CPU.ActiveCfg = Debug|Any CPU
		{9F43AE9C-FAFC-4676-A126-2C372FB40959}.Debug|Any CPU.Build.0 = Debug|Any CPU
		{9F43AE9C-FAFC-4676-A126-2C372FB40959}.Release|Any CPU.ActiveCfg = Release|Any CPU
		{9F43AE9C-FAFC-4676-A126-2C372FB40959}.Release|Any CPU.Build.0 = Release|Any CPU
		{7F6A974B-9469-4980-B2D6-CC8EB0355A38}.Debug|Any CPU.ActiveCfg = Debug|Any CPU
		{7F6A974B-9469-4980-B2D6-CC8EB0355A38}.Debug|Any CPU.Build.0 = Debug|Any CPU
		{7F6A974B-9469-4980-B2D6-CC8EB0355A38}.Release|Any CPU.ActiveCfg = Release|Any CPU
		{7F6A974B-9469-4980-B2D6-CC8EB0355A38}.Release|Any CPU.Build.0 = Release|Any CPU
		{330D250F-7C70-4650-9DAD-DC3A3D6361C5}.Debug|Any CPU.ActiveCfg = Debug|Any CPU
		{330D250F-7C70-4650-9DAD-DC3A3D6361C5}.Debug|Any CPU.Build.0 = Debug|Any CPU
		{330D250F-7C70-4650-9DAD-DC3A3D6361C5}.Release|Any CPU.ActiveCfg = Release|Any CPU
		{330D250F-7C70-4650-9DAD-DC3A3D6361C5}.Release|Any CPU.Build.0 = Release|Any CPU
		{D64353DA-8D4E-4BA2-9141-349A82B0C83C}.Debug|Any CPU.ActiveCfg = Debug|Any CPU
		{D64353DA-8D4E-4BA2-9141-349A82B0C83C}.Debug|Any CPU.Build.0 = Debug|Any CPU
		{D64353DA-8D4E-4BA2-9141-349A82B0C83C}.Release|Any CPU.ActiveCfg = Release|Any CPU
		{D64353DA-8D4E-4BA2-9141-349A82B0C83C}.Release|Any CPU.Build.0 = Release|Any CPU
		{9AD86B70-19ED-4654-9F1B-E8672E2A1514}.Debug|Any CPU.ActiveCfg = Debug|Any CPU
		{9AD86B70-19ED-4654-9F1B-E8672E2A1514}.Debug|Any CPU.Build.0 = Debug|Any CPU
		{9AD86B70-19ED-4654-9F1B-E8672E2A1514}.Release|Any CPU.ActiveCfg = Release|Any CPU
		{9AD86B70-19ED-4654-9F1B-E8672E2A1514}.Release|Any CPU.Build.0 = Release|Any CPU
		{500F44FC-9EF6-4A2C-A5BF-EF06812E80C2}.Debug|Any CPU.ActiveCfg = Debug|Any CPU
		{500F44FC-9EF6-4A2C-A5BF-EF06812E80C2}.Debug|Any CPU.Build.0 = Debug|Any CPU
		{500F44FC-9EF6-4A2C-A5BF-EF06812E80C2}.Release|Any CPU.ActiveCfg = Release|Any CPU
		{500F44FC-9EF6-4A2C-A5BF-EF06812E80C2}.Release|Any CPU.Build.0 = Release|Any CPU
	EndGlobalSection
	GlobalSection(SolutionProperties) = preSolution
		HideSolutionNode = FALSE
	EndGlobalSection
	GlobalSection(NestedProjects) = preSolution
		{D723BBB6-9A95-437B-90ED-3C5543BC9675} = {6FCC152B-8C11-4AF9-B91F-B5947D974D7C}
		{F744FEC2-8C15-48C1-B0CB-72624364D536} = {D723BBB6-9A95-437B-90ED-3C5543BC9675}
		{40CFFC44-E426-4255-BC8B-52B280985525} = {2BBA68AF-A9DD-41BE-A808-58DE951BF12C}
		{C726136A-0F55-4894-B724-76C0837D74CA} = {1794489C-F496-4C6A-826B-4C4EF8BD8ED1}
		{1CCF2D00-0E38-4D12-B9A8-E36409BDB016} = {6FCC152B-8C11-4AF9-B91F-B5947D974D7C}
		{45187748-8694-4D91-B4B2-BCF28716815F} = {1CCF2D00-0E38-4D12-B9A8-E36409BDB016}
		{E59EE0C2-A239-4069-9BB1-26C1EF387CDF} = {6FCC152B-8C11-4AF9-B91F-B5947D974D7C}
		{5F08009E-BB97-42DA-B7F5-63D1B0A2265B} = {E59EE0C2-A239-4069-9BB1-26C1EF387CDF}
		{3204226A-D9BB-4813-A3EA-8501956E7821} = {6FCC152B-8C11-4AF9-B91F-B5947D974D7C}
		{A1659A03-4B73-4B43-BAA0-ECB32ACC2AE6} = {3204226A-D9BB-4813-A3EA-8501956E7821}
		{311C9719-B84C-4230-BBCB-0AA23EF3B088} = {6FCC152B-8C11-4AF9-B91F-B5947D974D7C}
		{AFE31278-6D1D-4CF6-94A4-911CA5E6BFEE} = {311C9719-B84C-4230-BBCB-0AA23EF3B088}
		{9F43AE9C-FAFC-4676-A126-2C372FB40959} = {311C9719-B84C-4230-BBCB-0AA23EF3B088}
		{7F6A974B-9469-4980-B2D6-CC8EB0355A38} = {311C9719-B84C-4230-BBCB-0AA23EF3B088}
		{330D250F-7C70-4650-9DAD-DC3A3D6361C5} = {311C9719-B84C-4230-BBCB-0AA23EF3B088}
		{D64353DA-8D4E-4BA2-9141-349A82B0C83C} = {311C9719-B84C-4230-BBCB-0AA23EF3B088}
		{95ED64C2-C037-42DF-94E1-61212431C527} = {6FCC152B-8C11-4AF9-B91F-B5947D974D7C}
		{9AD86B70-19ED-4654-9F1B-E8672E2A1514} = {95ED64C2-C037-42DF-94E1-61212431C527}
		{500F44FC-9EF6-4A2C-A5BF-EF06812E80C2} = {9E55B48A-355A-4A89-BC82-5C0CBE0734B3}
	EndGlobalSection
	GlobalSection(ExtensibilityGlobals) = postSolution
		SolutionGuid = {E03E40CF-17E0-4879-8EA8-072E09499D75}
	EndGlobalSection
EndGlobal
